
Microsoft Visual Studio Solution File, Format Version 12.00
# Visual Studio Version 17
VisualStudioVersion = 17.12.35707.178
MinimumVisualStudioVersion = 10.0.40219.1
Project("{FAE04EC0-301F-11D3-BF4B-00C04F79EFBC}") = "DiscordClone.API", "DiscordClone.API\DiscordClone.API.csproj", "{9ABE6587-58DA-42FA-94FA-35A8629D7EA4}"
EndProject
Project("{E24C65DC-7377-472B-9ABA-BC803B73C61A}") = "DiscordClone.Client", "DiscordClone.Client\", "{85450E9E-10E2-421C-951B-6C1547BA82F0}"
	ProjectSection(WebsiteProperties) = preProject
		TargetFrameworkMoniker = ".NETFramework,Version%3Dv4.8"
		Debug.AspNetCompiler.VirtualPath = "/localhost_50538"
		Debug.AspNetCompiler.PhysicalPath = "DiscordClone.Client\"
		Debug.AspNetCompiler.TargetPath = "PrecompiledWeb\localhost_50538\"
		Debug.AspNetCompiler.Updateable = "true"
		Debug.AspNetCompiler.ForceOverwrite = "true"
		Debug.AspNetCompiler.FixedNames = "false"
		Debug.AspNetCompiler.Debug = "True"
		Release.AspNetCompiler.VirtualPath = "/localhost_50538"
		Release.AspNetCompiler.PhysicalPath = "DiscordClone.Client\"
		Release.AspNetCompiler.TargetPath = "PrecompiledWeb\localhost_50538\"
		Release.AspNetCompiler.Updateable = "true"
		Release.AspNetCompiler.ForceOverwrite = "true"
		Release.AspNetCompiler.FixedNames = "false"
		Release.AspNetCompiler.Debug = "False"
		VWDPort = "50538"
		SlnRelativePath = "DiscordClone.Client\"
	EndProjectSection
EndProject
Project("{2150E333-8FDC-42A3-9474-1A3956D46DE8}") = "Data", "Data", "{6E95E7C4-6644-490C-97FA-3527E11FD91D}"
EndProject
Project("{2150E333-8FDC-42A3-9474-1A3956D46DE8}") = "Tests", "Tests", "{164A82B4-BC7B-4DA6-8D65-E7C057DF0494}"
EndProject
Project("{2150E333-8FDC-42A3-9474-1A3956D46DE8}") = "Services", "Services", "{F85C6727-C39B-4062-BDF6-9EFA5E473679}"
EndProject
Project("{2150E333-8FDC-42A3-9474-1A3956D46DE8}") = "Common", "Common", "{D78FF785-24E1-487A-82BA-D4C5FE9FE41C}"
EndProject
Project("{FAE04EC0-301F-11D3-BF4B-00C04F79EFBC}") = "DiscordClone.Data", "DiscordClone.Data\DiscordClone.Data.csproj", "{11FEBF9A-3E90-409F-B027-744E85F85263}"
EndProject
Project("{FAE04EC0-301F-11D3-BF4B-00C04F79EFBC}") = "DiscordClone.Data.Models", "DiscordClone.Data.Models\DiscordClone.Data.Models.csproj", "{0072DDBC-375E-48B7-86CE-EFDFBF7AF71B}"
EndProject
Project("{FAE04EC0-301F-11D3-BF4B-00C04F79EFBC}") = "DiscordClone.Services.Data", "DiscordClone.Services.Data\DiscordClone.Services.Data.csproj", "{EDA21044-4A03-45EC-B7B0-546329718419}"
EndProject
Project("{2150E333-8FDC-42A3-9474-1A3956D46DE8}") = "ViewModels", "ViewModels", "{A70321B3-0D42-4315-8DF3-46EB77A7620E}"
EndProject
Project("{FAE04EC0-301F-11D3-BF4B-00C04F79EFBC}") = "DiscordClone.ViewModels", "DiscordClone.ViewModels\DiscordClone.ViewModels.csproj", "{27351ED0-AB29-49C3-9788-D46199CEA01F}"
EndProject
Project("{FAE04EC0-301F-11D3-BF4B-00C04F79EFBC}") = "DiscordClone.Common", "DiscordClone.Common\DiscordClone.Common.csproj", "{0125CD98-0826-49F8-B1DB-D2DDC495A8B0}"
EndProject
Global
	GlobalSection(SolutionConfigurationPlatforms) = preSolution
		Debug|Any CPU = Debug|Any CPU
		Release|Any CPU = Release|Any CPU
	EndGlobalSection
	GlobalSection(ProjectConfigurationPlatforms) = postSolution
		{9ABE6587-58DA-42FA-94FA-35A8629D7EA4}.Debug|Any CPU.ActiveCfg = Debug|Any CPU
		{9ABE6587-58DA-42FA-94FA-35A8629D7EA4}.Debug|Any CPU.Build.0 = Debug|Any CPU
		{9ABE6587-58DA-42FA-94FA-35A8629D7EA4}.Release|Any CPU.ActiveCfg = Release|Any CPU
		{9ABE6587-58DA-42FA-94FA-35A8629D7EA4}.Release|Any CPU.Build.0 = Release|Any CPU
		{85450E9E-10E2-421C-951B-6C1547BA82F0}.Debug|Any CPU.ActiveCfg = Debug|Any CPU
		{85450E9E-10E2-421C-951B-6C1547BA82F0}.Debug|Any CPU.Build.0 = Debug|Any CPU
		{85450E9E-10E2-421C-951B-6C1547BA82F0}.Release|Any CPU.ActiveCfg = Debug|Any CPU
		{85450E9E-10E2-421C-951B-6C1547BA82F0}.Release|Any CPU.Build.0 = Debug|Any CPU
		{11FEBF9A-3E90-409F-B027-744E85F85263}.Debug|Any CPU.ActiveCfg = Debug|Any CPU
		{11FEBF9A-3E90-409F-B027-744E85F85263}.Debug|Any CPU.Build.0 = Debug|Any CPU
		{11FEBF9A-3E90-409F-B027-744E85F85263}.Release|Any CPU.ActiveCfg = Release|Any CPU
		{11FEBF9A-3E90-409F-B027-744E85F85263}.Release|Any CPU.Build.0 = Release|Any CPU
		{0072DDBC-375E-48B7-86CE-EFDFBF7AF71B}.Debug|Any CPU.ActiveCfg = Debug|Any CPU
		{0072DDBC-375E-48B7-86CE-EFDFBF7AF71B}.Debug|Any CPU.Build.0 = Debug|Any CPU
		{0072DDBC-375E-48B7-86CE-EFDFBF7AF71B}.Release|Any CPU.ActiveCfg = Release|Any CPU
		{0072DDBC-375E-48B7-86CE-EFDFBF7AF71B}.Release|Any CPU.Build.0 = Release|Any CPU
		{EDA21044-4A03-45EC-B7B0-546329718419}.Debug|Any CPU.ActiveCfg = Debug|Any CPU
		{EDA21044-4A03-45EC-B7B0-546329718419}.Debug|Any CPU.Build.0 = Debug|Any CPU
		{EDA21044-4A03-45EC-B7B0-546329718419}.Release|Any CPU.ActiveCfg = Release|Any CPU
		{EDA21044-4A03-45EC-B7B0-546329718419}.Release|Any CPU.Build.0 = Release|Any CPU
		{27351ED0-AB29-49C3-9788-D46199CEA01F}.Debug|Any CPU.ActiveCfg = Debug|Any CPU
		{27351ED0-AB29-49C3-9788-D46199CEA01F}.Debug|Any CPU.Build.0 = Debug|Any CPU
		{27351ED0-AB29-49C3-9788-D46199CEA01F}.Release|Any CPU.ActiveCfg = Release|Any CPU
		{27351ED0-AB29-49C3-9788-D46199CEA01F}.Release|Any CPU.Build.0 = Release|Any CPU
		{0125CD98-0826-49F8-B1DB-D2DDC495A8B0}.Debug|Any CPU.ActiveCfg = Debug|Any CPU
		{0125CD98-0826-49F8-B1DB-D2DDC495A8B0}.Debug|Any CPU.Build.0 = Debug|Any CPU
		{0125CD98-0826-49F8-B1DB-D2DDC495A8B0}.Release|Any CPU.ActiveCfg = Release|Any CPU
		{0125CD98-0826-49F8-B1DB-D2DDC495A8B0}.Release|Any CPU.Build.0 = Release|Any CPU
	EndGlobalSection
	GlobalSection(SolutionProperties) = preSolution
		HideSolutionNode = FALSE
	EndGlobalSection
	GlobalSection(NestedProjects) = preSolution
		{11FEBF9A-3E90-409F-B027-744E85F85263} = {6E95E7C4-6644-490C-97FA-3527E11FD91D}
		{0072DDBC-375E-48B7-86CE-EFDFBF7AF71B} = {6E95E7C4-6644-490C-97FA-3527E11FD91D}
		{EDA21044-4A03-45EC-B7B0-546329718419} = {F85C6727-C39B-4062-BDF6-9EFA5E473679}
		{27351ED0-AB29-49C3-9788-D46199CEA01F} = {A70321B3-0D42-4315-8DF3-46EB77A7620E}
		{0125CD98-0826-49F8-B1DB-D2DDC495A8B0} = {D78FF785-24E1-487A-82BA-D4C5FE9FE41C}
	EndGlobalSection
EndGlobal
